
Microsoft Visual Studio Solution File, Format Version 11.00
# Visual Studio 2010
Project("{FAE04EC0-301F-11D3-BF4B-00C04F79EFBC}") = "CityGenerator", "Assembly-CSharp-firstpass.csproj", "{2F38B02A-5BB7-169D-FAB4-F6C5FC784E7C}"
EndProject
Project("{FAE04EC0-301F-11D3-BF4B-00C04F79EFBC}") = "CityGenerator", "Assembly-CSharp.csproj", "{6D767D98-C403-A882-0B92-B8A4F9AFEB44}"
EndProject
Project("{FAE04EC0-301F-11D3-BF4B-00C04F79EFBC}") = "CityGenerator", "Assembly-CSharp-Editor.csproj", "{C5DC80C3-4207-FA99-DB53-D62F991C5314}"
EndProject
Global
	GlobalSection(SolutionConfigurationPlatforms) = preSolution
		Debug|Any CPU = Debug|Any CPU
		Release|Any CPU = Release|Any CPU
	EndGlobalSection
	GlobalSection(ProjectConfigurationPlatforms) = postSolution
		{2F38B02A-5BB7-169D-FAB4-F6C5FC784E7C}.Debug|Any CPU.ActiveCfg = Debug|Any CPU
		{2F38B02A-5BB7-169D-FAB4-F6C5FC784E7C}.Debug|Any CPU.Build.0 = Debug|Any CPU
		{2F38B02A-5BB7-169D-FAB4-F6C5FC784E7C}.Release|Any CPU.ActiveCfg = Release|Any CPU
		{2F38B02A-5BB7-169D-FAB4-F6C5FC784E7C}.Release|Any CPU.Build.0 = Release|Any CPU
		{6D767D98-C403-A882-0B92-B8A4F9AFEB44}.Debug|Any CPU.ActiveCfg = Debug|Any CPU
		{6D767D98-C403-A882-0B92-B8A4F9AFEB44}.Debug|Any CPU.Build.0 = Debug|Any CPU
		{6D767D98-C403-A882-0B92-B8A4F9AFEB44}.Release|Any CPU.ActiveCfg = Release|Any CPU
		{6D767D98-C403-A882-0B92-B8A4F9AFEB44}.Release|Any CPU.Build.0 = Release|Any CPU
		{C5DC80C3-4207-FA99-DB53-D62F991C5314}.Debug|Any CPU.ActiveCfg = Debug|Any CPU
		{C5DC80C3-4207-FA99-DB53-D62F991C5314}.Debug|Any CPU.Build.0 = Debug|Any CPU
		{C5DC80C3-4207-FA99-DB53-D62F991C5314}.Release|Any CPU.ActiveCfg = Release|Any CPU
		{C5DC80C3-4207-FA99-DB53-D62F991C5314}.Release|Any CPU.Build.0 = Release|Any CPU
	EndGlobalSection
	GlobalSection(SolutionProperties) = preSolution
		HideSolutionNode = FALSE
	EndGlobalSection
	GlobalSection(MonoDevelopProperties) = preSolution
		StartupItem = Assembly-CSharp.csproj
	EndGlobalSection
EndGlobal
