
Microsoft Visual Studio Solution File, Format Version 11.00
# Visual Studio 2010
Project("{FAE04EC0-301F-11D3-BF4B-00C04F79EFBC}") = "HDA_CITY GENERATOR", "Assembly-CSharp.csproj", "{27FEDC27-17D4-6E9C-C14F-2CC882555931}"
EndProject
Project("{FAE04EC0-301F-11D3-BF4B-00C04F79EFBC}") = "HDA_CITY GENERATOR", "Assembly-CSharp-Editor.csproj", "{964F498F-C2FE-5124-CE2B-CA3E64C8E503}"
EndProject
Global
	GlobalSection(SolutionConfigurationPlatforms) = preSolution
		Debug|Any CPU = Debug|Any CPU
		Release|Any CPU = Release|Any CPU
	EndGlobalSection
	GlobalSection(ProjectConfigurationPlatforms) = postSolution
		{27FEDC27-17D4-6E9C-C14F-2CC882555931}.Debug|Any CPU.ActiveCfg = Debug|Any CPU
		{27FEDC27-17D4-6E9C-C14F-2CC882555931}.Debug|Any CPU.Build.0 = Debug|Any CPU
		{27FEDC27-17D4-6E9C-C14F-2CC882555931}.Release|Any CPU.ActiveCfg = Release|Any CPU
		{27FEDC27-17D4-6E9C-C14F-2CC882555931}.Release|Any CPU.Build.0 = Release|Any CPU
		{964F498F-C2FE-5124-CE2B-CA3E64C8E503}.Debug|Any CPU.ActiveCfg = Debug|Any CPU
		{964F498F-C2FE-5124-CE2B-CA3E64C8E503}.Debug|Any CPU.Build.0 = Debug|Any CPU
		{964F498F-C2FE-5124-CE2B-CA3E64C8E503}.Release|Any CPU.ActiveCfg = Release|Any CPU
		{964F498F-C2FE-5124-CE2B-CA3E64C8E503}.Release|Any CPU.Build.0 = Release|Any CPU
	EndGlobalSection
	GlobalSection(SolutionProperties) = preSolution
		HideSolutionNode = FALSE
	EndGlobalSection
	GlobalSection(MonoDevelopProperties) = preSolution
		StartupItem = Assembly-CSharp.csproj
	EndGlobalSection
EndGlobal
